
Microsoft Visual Studio Solution File, Format Version 12.00
# Visual Studio Version 16
VisualStudioVersion = 16.0.30320.27
MinimumVisualStudioVersion = 10.0.40219.1
Project("{FAE04EC0-301F-11D3-BF4B-00C04F79EFBC}") = "Singular.Api", "Singular.Api\Singular.Api.csproj", "{F364FF25-124E-40D8-9FC5-91974395D88E}"
EndProject
Global
	GlobalSection(SolutionConfigurationPlatforms) = preSolution
		Debug|Any CPU = Debug|Any CPU
		Release|Any CPU = Release|Any CPU
	EndGlobalSection
	GlobalSection(ProjectConfigurationPlatforms) = postSolution
		{F364FF25-124E-40D8-9FC5-91974395D88E}.Debug|Any CPU.ActiveCfg = Debug|Any CPU
		{F364FF25-124E-40D8-9FC5-91974395D88E}.Debug|Any CPU.Build.0 = Debug|Any CPU
		{F364FF25-124E-40D8-9FC5-91974395D88E}.Release|Any CPU.ActiveCfg = Release|Any CPU
		{F364FF25-124E-40D8-9FC5-91974395D88E}.Release|Any CPU.Build.0 = Release|Any CPU
	EndGlobalSection
	GlobalSection(SolutionProperties) = preSolution
		HideSolutionNode = FALSE
	EndGlobalSection
	GlobalSection(ExtensibilityGlobals) = postSolution
		SolutionGuid = {916441E6-828F-4323-8AC4-0986CF6BC07D}
	EndGlobalSection
EndGlobal
